
Microsoft Visual Studio Solution File, Format Version 12.00
# Visual Studio Version 17
VisualStudioVersion = 17.11.35222.181
MinimumVisualStudioVersion = 10.0.40219.1
Project("{FAE04EC0-301F-11D3-BF4B-00C04F79EFBC}") = "Day_1", "Day_1\Day_1.csproj", "{CD538FCC-5680-4996-8547-DB66E076BA2F}"
EndProject
Project("{FAE04EC0-301F-11D3-BF4B-00C04F79EFBC}") = "Day_2", "Day_2\Day_2.csproj", "{AAFD79AD-B173-4C97-9279-BE025946F645}"
EndProject
Project("{FAE04EC0-301F-11D3-BF4B-00C04F79EFBC}") = "Day_3", "Day_3\Day_3.csproj", "{858A1148-930E-4196-ADEA-732C935410DD}"
EndProject
Project("{FAE04EC0-301F-11D3-BF4B-00C04F79EFBC}") = "Day_4", "Day_4\Day_4.csproj", "{1F35D519-C2F2-4727-A639-BF9542D32B88}"
EndProject
Project("{FAE04EC0-301F-11D3-BF4B-00C04F79EFBC}") = "Day_5", "Day_5\Day_5.csproj", "{EE5674F9-B796-4115-9083-C93BB9493FB1}"
EndProject
Global
	GlobalSection(SolutionConfigurationPlatforms) = preSolution
		Debug|Any CPU = Debug|Any CPU
		Release|Any CPU = Release|Any CPU
	EndGlobalSection
	GlobalSection(ProjectConfigurationPlatforms) = postSolution
		{CD538FCC-5680-4996-8547-DB66E076BA2F}.Debug|Any CPU.ActiveCfg = Debug|Any CPU
		{CD538FCC-5680-4996-8547-DB66E076BA2F}.Debug|Any CPU.Build.0 = Debug|Any CPU
		{CD538FCC-5680-4996-8547-DB66E076BA2F}.Release|Any CPU.ActiveCfg = Release|Any CPU
		{CD538FCC-5680-4996-8547-DB66E076BA2F}.Release|Any CPU.Build.0 = Release|Any CPU
		{AAFD79AD-B173-4C97-9279-BE025946F645}.Debug|Any CPU.ActiveCfg = Debug|Any CPU
		{AAFD79AD-B173-4C97-9279-BE025946F645}.Debug|Any CPU.Build.0 = Debug|Any CPU
		{AAFD79AD-B173-4C97-9279-BE025946F645}.Release|Any CPU.ActiveCfg = Release|Any CPU
		{AAFD79AD-B173-4C97-9279-BE025946F645}.Release|Any CPU.Build.0 = Release|Any CPU
		{858A1148-930E-4196-ADEA-732C935410DD}.Debug|Any CPU.ActiveCfg = Debug|Any CPU
		{858A1148-930E-4196-ADEA-732C935410DD}.Debug|Any CPU.Build.0 = Debug|Any CPU
		{858A1148-930E-4196-ADEA-732C935410DD}.Release|Any CPU.ActiveCfg = Release|Any CPU
		{858A1148-930E-4196-ADEA-732C935410DD}.Release|Any CPU.Build.0 = Release|Any CPU
		{1F35D519-C2F2-4727-A639-BF9542D32B88}.Debug|Any CPU.ActiveCfg = Debug|Any CPU
		{1F35D519-C2F2-4727-A639-BF9542D32B88}.Debug|Any CPU.Build.0 = Debug|Any CPU
		{1F35D519-C2F2-4727-A639-BF9542D32B88}.Release|Any CPU.ActiveCfg = Release|Any CPU
		{1F35D519-C2F2-4727-A639-BF9542D32B88}.Release|Any CPU.Build.0 = Release|Any CPU
		{EE5674F9-B796-4115-9083-C93BB9493FB1}.Debug|Any CPU.ActiveCfg = Debug|Any CPU
		{EE5674F9-B796-4115-9083-C93BB9493FB1}.Debug|Any CPU.Build.0 = Debug|Any CPU
		{EE5674F9-B796-4115-9083-C93BB9493FB1}.Release|Any CPU.ActiveCfg = Release|Any CPU
		{EE5674F9-B796-4115-9083-C93BB9493FB1}.Release|Any CPU.Build.0 = Release|Any CPU
	EndGlobalSection
	GlobalSection(SolutionProperties) = preSolution
		HideSolutionNode = FALSE
	EndGlobalSection
	GlobalSection(ExtensibilityGlobals) = postSolution
		SolutionGuid = {A361474D-9309-4CA3-A762-E6E7F386BE51}
	EndGlobalSection
EndGlobal
